{
<<<<<<< HEAD
  "name": "project_fashion_trade",
  "version": "1.0.0",
  "lockfileVersion": 3,
  "requires": true,
  "packages": {
    "": {
      "name": "project_fashion_trade",
      "version": "1.0.0",
      "license": "ISC"
    }
  }
=======
  "name": "Project_Fashion_Trade",
  "lockfileVersion": 3,
  "requires": true,
  "packages": {}
>>>>>>> b332b90e2796b2d564ff0c65f80141d694ab4a22
}
